
Microsoft Visual Studio Solution File, Format Version 12.00
# Visual Studio Version 17
VisualStudioVersion = 17.2.32317.152
MinimumVisualStudioVersion = 10.0.40219.1
Project("{9A19103F-16F7-4668-BE54-9A1E7A4F7556}") = "Entities", "src\Entities\Entities.csproj", "{905D6D8F-DFC0-45D2-B8AE-C4DAF7AF6D88}"
EndProject
Project("{2150E333-8FDC-42A3-9474-1A3956D46DE8}") = "src", "src", "{3FC4C8BC-D0B8-44CA-831A-94F12ABE5E56}"
EndProject
Project("{9A19103F-16F7-4668-BE54-9A1E7A4F7556}") = "Entities.Abstractions", "src\Entities.Abstractions\Entities.Abstractions.csproj", "{F289D7A1-4424-4B88-BE45-ACABA4266132}"
EndProject
Project("{9A19103F-16F7-4668-BE54-9A1E7A4F7556}") = "Repository.Abstractions", "src\Repository.Abstractions\Repository.Abstractions.csproj", "{B847D6BB-5EF1-4D60-90EC-1467247C6AE1}"
EndProject
Project("{9A19103F-16F7-4668-BE54-9A1E7A4F7556}") = "Repository", "src\Repository\Repository.csproj", "{32260E5D-D3F4-4101-89B3-59EF93122B1E}"
EndProject
Project("{2150E333-8FDC-42A3-9474-1A3956D46DE8}") = "tst", "tst", "{34C82374-81B3-42F4-9689-5175ACA38C30}"
EndProject
Project("{9A19103F-16F7-4668-BE54-9A1E7A4F7556}") = "ConsoleTests", "tst\ConsoleTests\ConsoleTests.csproj", "{D40E1792-1E94-40C7-B3D5-37D909A7305A}"
EndProject
Project("{9A19103F-16F7-4668-BE54-9A1E7A4F7556}") = "ManagementApi", "src\ManagementApi\ManagementApi.csproj", "{6ABF630D-84F7-4A49-AA79-632F243C7BB5}"
EndProject
Project("{9A19103F-16F7-4668-BE54-9A1E7A4F7556}") = "AthleteApi", "src\AthleteApi\AthleteApi.csproj", "{F6D0CF04-7E83-4BB1-9B89-49B012FE90C0}"
EndProject
Project("{9A19103F-16F7-4668-BE54-9A1E7A4F7556}") = "AuthManagementApi", "src\AuthManagementApi\AuthManagementApi.csproj", "{3FA6C447-39B0-45D7-9B11-A0A66DED3A8F}"
EndProject
Project("{9A19103F-16F7-4668-BE54-9A1E7A4F7556}") = "Services.Abstractions", "src\Services.Abstractions\Services.Abstractions.csproj", "{0AAB6397-4466-4EFC-9521-4DA0D7DDE200}"
EndProject
Project("{9A19103F-16F7-4668-BE54-9A1E7A4F7556}") = "Services", "src\Services\Services.csproj", "{39F0453F-2CDE-4EFD-9D06-BE0255F749BB}"
EndProject
Project("{2150E333-8FDC-42A3-9474-1A3956D46DE8}") = "api", "api", "{9B732F13-73E7-4861-8E9E-6B50282DD6E1}"
EndProject
Project("{2150E333-8FDC-42A3-9474-1A3956D46DE8}") = "Solution Items", "Solution Items", "{FB567865-4E30-4322-ACB9-95F8711ABFFF}"
	ProjectSection(SolutionItems) = preProject
		.editorconfig = .editorconfig
	EndProjectSection
EndProject
Project("{2150E333-8FDC-42A3-9474-1A3956D46DE8}") = "sdk", "sdk", "{DE3F875D-89B8-45C1-8D35-E9D8C4369554}"
EndProject
Project("{FAE04EC0-301F-11D3-BF4B-00C04F79EFBC}") = "StartupSdk", "src\StartupSdk\StartupSdk.csproj", "{EEA28573-45A3-4587-A448-B7CBB51B0F3E}"
EndProject
Project("{FAE04EC0-301F-11D3-BF4B-00C04F79EFBC}") = "AuthSdk", "src\AuthSdk\AuthSdk.csproj", "{41A8EF4B-05EB-4A20-8022-360D9D32D216}"
EndProject
Global
	GlobalSection(SolutionConfigurationPlatforms) = preSolution
		Debug|Any CPU = Debug|Any CPU
		Release|Any CPU = Release|Any CPU
	EndGlobalSection
	GlobalSection(ProjectConfigurationPlatforms) = postSolution
		{905D6D8F-DFC0-45D2-B8AE-C4DAF7AF6D88}.Debug|Any CPU.ActiveCfg = Debug|Any CPU
		{905D6D8F-DFC0-45D2-B8AE-C4DAF7AF6D88}.Debug|Any CPU.Build.0 = Debug|Any CPU
		{905D6D8F-DFC0-45D2-B8AE-C4DAF7AF6D88}.Release|Any CPU.ActiveCfg = Release|Any CPU
		{905D6D8F-DFC0-45D2-B8AE-C4DAF7AF6D88}.Release|Any CPU.Build.0 = Release|Any CPU
		{F289D7A1-4424-4B88-BE45-ACABA4266132}.Debug|Any CPU.ActiveCfg = Debug|Any CPU
		{F289D7A1-4424-4B88-BE45-ACABA4266132}.Debug|Any CPU.Build.0 = Debug|Any CPU
		{F289D7A1-4424-4B88-BE45-ACABA4266132}.Release|Any CPU.ActiveCfg = Release|Any CPU
		{F289D7A1-4424-4B88-BE45-ACABA4266132}.Release|Any CPU.Build.0 = Release|Any CPU
		{B847D6BB-5EF1-4D60-90EC-1467247C6AE1}.Debug|Any CPU.ActiveCfg = Debug|Any CPU
		{B847D6BB-5EF1-4D60-90EC-1467247C6AE1}.Debug|Any CPU.Build.0 = Debug|Any CPU
		{B847D6BB-5EF1-4D60-90EC-1467247C6AE1}.Release|Any CPU.ActiveCfg = Release|Any CPU
		{B847D6BB-5EF1-4D60-90EC-1467247C6AE1}.Release|Any CPU.Build.0 = Release|Any CPU
		{32260E5D-D3F4-4101-89B3-59EF93122B1E}.Debug|Any CPU.ActiveCfg = Debug|Any CPU
		{32260E5D-D3F4-4101-89B3-59EF93122B1E}.Debug|Any CPU.Build.0 = Debug|Any CPU
		{32260E5D-D3F4-4101-89B3-59EF93122B1E}.Release|Any CPU.ActiveCfg = Release|Any CPU
		{32260E5D-D3F4-4101-89B3-59EF93122B1E}.Release|Any CPU.Build.0 = Release|Any CPU
		{D40E1792-1E94-40C7-B3D5-37D909A7305A}.Debug|Any CPU.ActiveCfg = Debug|Any CPU
		{D40E1792-1E94-40C7-B3D5-37D909A7305A}.Debug|Any CPU.Build.0 = Debug|Any CPU
		{D40E1792-1E94-40C7-B3D5-37D909A7305A}.Release|Any CPU.ActiveCfg = Release|Any CPU
		{D40E1792-1E94-40C7-B3D5-37D909A7305A}.Release|Any CPU.Build.0 = Release|Any CPU
		{6ABF630D-84F7-4A49-AA79-632F243C7BB5}.Debug|Any CPU.ActiveCfg = Debug|Any CPU
		{6ABF630D-84F7-4A49-AA79-632F243C7BB5}.Debug|Any CPU.Build.0 = Debug|Any CPU
		{6ABF630D-84F7-4A49-AA79-632F243C7BB5}.Release|Any CPU.ActiveCfg = Release|Any CPU
		{6ABF630D-84F7-4A49-AA79-632F243C7BB5}.Release|Any CPU.Build.0 = Release|Any CPU
		{F6D0CF04-7E83-4BB1-9B89-49B012FE90C0}.Debug|Any CPU.ActiveCfg = Debug|Any CPU
		{F6D0CF04-7E83-4BB1-9B89-49B012FE90C0}.Debug|Any CPU.Build.0 = Debug|Any CPU
		{F6D0CF04-7E83-4BB1-9B89-49B012FE90C0}.Release|Any CPU.ActiveCfg = Release|Any CPU
		{F6D0CF04-7E83-4BB1-9B89-49B012FE90C0}.Release|Any CPU.Build.0 = Release|Any CPU
		{3FA6C447-39B0-45D7-9B11-A0A66DED3A8F}.Debug|Any CPU.ActiveCfg = Debug|Any CPU
		{3FA6C447-39B0-45D7-9B11-A0A66DED3A8F}.Debug|Any CPU.Build.0 = Debug|Any CPU
		{3FA6C447-39B0-45D7-9B11-A0A66DED3A8F}.Release|Any CPU.ActiveCfg = Release|Any CPU
		{3FA6C447-39B0-45D7-9B11-A0A66DED3A8F}.Release|Any CPU.Build.0 = Release|Any CPU
		{0AAB6397-4466-4EFC-9521-4DA0D7DDE200}.Debug|Any CPU.ActiveCfg = Debug|Any CPU
		{0AAB6397-4466-4EFC-9521-4DA0D7DDE200}.Debug|Any CPU.Build.0 = Debug|Any CPU
		{0AAB6397-4466-4EFC-9521-4DA0D7DDE200}.Release|Any CPU.ActiveCfg = Release|Any CPU
		{0AAB6397-4466-4EFC-9521-4DA0D7DDE200}.Release|Any CPU.Build.0 = Release|Any CPU
		{39F0453F-2CDE-4EFD-9D06-BE0255F749BB}.Debug|Any CPU.ActiveCfg = Debug|Any CPU
		{39F0453F-2CDE-4EFD-9D06-BE0255F749BB}.Debug|Any CPU.Build.0 = Debug|Any CPU
		{39F0453F-2CDE-4EFD-9D06-BE0255F749BB}.Release|Any CPU.ActiveCfg = Release|Any CPU
		{39F0453F-2CDE-4EFD-9D06-BE0255F749BB}.Release|Any CPU.Build.0 = Release|Any CPU
		{EEA28573-45A3-4587-A448-B7CBB51B0F3E}.Debug|Any CPU.ActiveCfg = Debug|Any CPU
		{EEA28573-45A3-4587-A448-B7CBB51B0F3E}.Debug|Any CPU.Build.0 = Debug|Any CPU
		{EEA28573-45A3-4587-A448-B7CBB51B0F3E}.Release|Any CPU.ActiveCfg = Release|Any CPU
		{EEA28573-45A3-4587-A448-B7CBB51B0F3E}.Release|Any CPU.Build.0 = Release|Any CPU
		{41A8EF4B-05EB-4A20-8022-360D9D32D216}.Debug|Any CPU.ActiveCfg = Debug|Any CPU
		{41A8EF4B-05EB-4A20-8022-360D9D32D216}.Debug|Any CPU.Build.0 = Debug|Any CPU
		{41A8EF4B-05EB-4A20-8022-360D9D32D216}.Release|Any CPU.ActiveCfg = Release|Any CPU
		{41A8EF4B-05EB-4A20-8022-360D9D32D216}.Release|Any CPU.Build.0 = Release|Any CPU
	EndGlobalSection
	GlobalSection(SolutionProperties) = preSolution
		HideSolutionNode = FALSE
	EndGlobalSection
	GlobalSection(NestedProjects) = preSolution
		{905D6D8F-DFC0-45D2-B8AE-C4DAF7AF6D88} = {3FC4C8BC-D0B8-44CA-831A-94F12ABE5E56}
		{F289D7A1-4424-4B88-BE45-ACABA4266132} = {3FC4C8BC-D0B8-44CA-831A-94F12ABE5E56}
		{B847D6BB-5EF1-4D60-90EC-1467247C6AE1} = {3FC4C8BC-D0B8-44CA-831A-94F12ABE5E56}
		{32260E5D-D3F4-4101-89B3-59EF93122B1E} = {3FC4C8BC-D0B8-44CA-831A-94F12ABE5E56}
		{D40E1792-1E94-40C7-B3D5-37D909A7305A} = {34C82374-81B3-42F4-9689-5175ACA38C30}
		{6ABF630D-84F7-4A49-AA79-632F243C7BB5} = {9B732F13-73E7-4861-8E9E-6B50282DD6E1}
		{F6D0CF04-7E83-4BB1-9B89-49B012FE90C0} = {9B732F13-73E7-4861-8E9E-6B50282DD6E1}
		{3FA6C447-39B0-45D7-9B11-A0A66DED3A8F} = {9B732F13-73E7-4861-8E9E-6B50282DD6E1}
		{0AAB6397-4466-4EFC-9521-4DA0D7DDE200} = {3FC4C8BC-D0B8-44CA-831A-94F12ABE5E56}
		{39F0453F-2CDE-4EFD-9D06-BE0255F749BB} = {3FC4C8BC-D0B8-44CA-831A-94F12ABE5E56}
		{9B732F13-73E7-4861-8E9E-6B50282DD6E1} = {3FC4C8BC-D0B8-44CA-831A-94F12ABE5E56}
		{DE3F875D-89B8-45C1-8D35-E9D8C4369554} = {3FC4C8BC-D0B8-44CA-831A-94F12ABE5E56}
		{EEA28573-45A3-4587-A448-B7CBB51B0F3E} = {DE3F875D-89B8-45C1-8D35-E9D8C4369554}
		{41A8EF4B-05EB-4A20-8022-360D9D32D216} = {DE3F875D-89B8-45C1-8D35-E9D8C4369554}
	EndGlobalSection
	GlobalSection(ExtensibilityGlobals) = postSolution
		SolutionGuid = {D6871123-5C38-4E00-9A3D-59E196E1EFA1}
	EndGlobalSection
EndGlobal
