
Microsoft Visual Studio Solution File, Format Version 12.00
# Visual Studio Version 17
VisualStudioVersion = 17.2.32317.152
MinimumVisualStudioVersion = 10.0.40219.1
Project("{2150E333-8FDC-42A3-9474-1A3956D46DE8}") = "src", "src", "{3FC4C8BC-D0B8-44CA-831A-94F12ABE5E56}"
EndProject
Project("{2150E333-8FDC-42A3-9474-1A3956D46DE8}") = "tst", "tst", "{34C82374-81B3-42F4-9689-5175ACA38C30}"
EndProject
Project("{9A19103F-16F7-4668-BE54-9A1E7A4F7556}") = "ConsoleTests", "tst\ConsoleTests\ConsoleTests.csproj", "{D40E1792-1E94-40C7-B3D5-37D909A7305A}"
EndProject
Project("{2150E333-8FDC-42A3-9474-1A3956D46DE8}") = "api", "api", "{9B732F13-73E7-4861-8E9E-6B50282DD6E1}"
EndProject
Project("{2150E333-8FDC-42A3-9474-1A3956D46DE8}") = "sdk", "sdk", "{DE3F875D-89B8-45C1-8D35-E9D8C4369554}"
EndProject
Project("{2150E333-8FDC-42A3-9474-1A3956D46DE8}") = "db", "db", "{BA9EC7B9-F271-4824-9EC7-2E56CA0FDA99}"
EndProject
Project("{2150E333-8FDC-42A3-9474-1A3956D46DE8}") = "svc", "svc", "{0B8EC10E-D266-418D-BC17-2C21BFC8BB94}"
EndProject
Project("{2150E333-8FDC-42A3-9474-1A3956D46DE8}") = "auth", "auth", "{06F57E6F-04EB-4BD2-A204-F55D9FCC3C92}"
EndProject
Project("{9A19103F-16F7-4668-BE54-9A1E7A4F7556}") = "Auth.Services.Abstractions", "src\Auth.Services.Abstractions\Auth.Services.Abstractions.csproj", "{C95609DC-0EAB-452A-BC43-B4F5F7A64C80}"
EndProject
Project("{9A19103F-16F7-4668-BE54-9A1E7A4F7556}") = "Auth.Login.Api", "src\Auth.Login.Api\Auth.Login.Api.csproj", "{275F27FF-5EE0-4988-A872-5040903F17C2}"
EndProject
Project("{9A19103F-16F7-4668-BE54-9A1E7A4F7556}") = "Auth.Services", "src\Auth.Services\Auth.Services.csproj", "{422F0EC6-EB25-46A9-B057-7A4AD8F51136}"
EndProject
Project("{9A19103F-16F7-4668-BE54-9A1E7A4F7556}") = "Auth.Management.Api", "src\Auth.Management.Api\Auth.Management.Api.csproj", "{641DA871-D81C-4CD8-B04B-2358EEE6D75D}"
EndProject
Project("{9A19103F-16F7-4668-BE54-9A1E7A4F7556}") = "OpenWorkout.Athlete.Api", "src\OpenWorkout.Athlete.Api\OpenWorkout.Athlete.Api.csproj", "{330BB7E7-6DFB-452D-9AF3-5E0CB91F0E99}"
EndProject
Project("{9A19103F-16F7-4668-BE54-9A1E7A4F7556}") = "OpenWorkout.Management.Api", "src\OpenWorkout.Management.Api\OpenWorkout.Management.Api.csproj", "{ABB5396E-8E3F-4798-BC73-A51520C6417B}"
EndProject
Project("{9A19103F-16F7-4668-BE54-9A1E7A4F7556}") = "OpenWorkout.Entities", "src\OpenWorkout.Entities\OpenWorkout.Entities.csproj", "{A0CC6950-AA4C-4BF0-A5F2-2A549B577348}"
EndProject
Project("{9A19103F-16F7-4668-BE54-9A1E7A4F7556}") = "OpenWorkout.Services", "src\OpenWorkout.Services\OpenWorkout.Services.csproj", "{EDF445BB-8AAB-4112-9883-4524565BD15C}"
EndProject
Project("{9A19103F-16F7-4668-BE54-9A1E7A4F7556}") = "OpenWorkout.Services.Abstractions", "src\OpenWorkout.Services.Abstractions\OpenWorkout.Services.Abstractions.csproj", "{8EC03A50-215F-43F5-8117-2CF517018C14}"
EndProject
Project("{9A19103F-16F7-4668-BE54-9A1E7A4F7556}") = "RogerioGelonezi.WebApi.Sdk", "src\RogerioGelonezi.WebApi.Sdk\RogerioGelonezi.WebApi.Sdk.csproj", "{CFA3FEF5-6E95-440E-AE88-B22E0C2209DB}"
EndProject
Project("{9A19103F-16F7-4668-BE54-9A1E7A4F7556}") = "OpenWorkout.Repository.Abstractions", "src\OpenWorkout.Repository.Abstractions\OpenWorkout.Repository.Abstractions.csproj", "{BC8AD826-6A32-4F73-A5F1-188E31247AEA}"
EndProject
Project("{9A19103F-16F7-4668-BE54-9A1E7A4F7556}") = "OpenWorkout.Repository", "src\OpenWorkout.Repository\OpenWorkout.Repository.csproj", "{B75CA6FF-F813-4CEF-B694-D1EDD0E86A69}"
EndProject
Project("{9A19103F-16F7-4668-BE54-9A1E7A4F7556}") = "RogerioGelonezi.Repository.Sdk", "src\RogerioGelonezi.Repository.Sdk\RogerioGelonezi.Repository.Sdk.csproj", "{BF119F9D-94F2-461E-BDE2-3B72BC1332AE}"
EndProject
Project("{9A19103F-16F7-4668-BE54-9A1E7A4F7556}") = "RogerioGelonezi.Entity.Sdk", "src\RogerioGelonezi.Entity.Sdk\RogerioGelonezi.Entity.Sdk.csproj", "{C0047229-D1B4-450C-830C-3E052A95EB6B}"
EndProject
Global
	GlobalSection(SolutionConfigurationPlatforms) = preSolution
		Debug|Any CPU = Debug|Any CPU
		Release|Any CPU = Release|Any CPU
	EndGlobalSection
	GlobalSection(ProjectConfigurationPlatforms) = postSolution
		{D40E1792-1E94-40C7-B3D5-37D909A7305A}.Debug|Any CPU.ActiveCfg = Debug|Any CPU
		{D40E1792-1E94-40C7-B3D5-37D909A7305A}.Debug|Any CPU.Build.0 = Debug|Any CPU
		{D40E1792-1E94-40C7-B3D5-37D909A7305A}.Release|Any CPU.ActiveCfg = Release|Any CPU
		{D40E1792-1E94-40C7-B3D5-37D909A7305A}.Release|Any CPU.Build.0 = Release|Any CPU
		{C95609DC-0EAB-452A-BC43-B4F5F7A64C80}.Debug|Any CPU.ActiveCfg = Debug|Any CPU
		{C95609DC-0EAB-452A-BC43-B4F5F7A64C80}.Debug|Any CPU.Build.0 = Debug|Any CPU
		{C95609DC-0EAB-452A-BC43-B4F5F7A64C80}.Release|Any CPU.ActiveCfg = Release|Any CPU
		{C95609DC-0EAB-452A-BC43-B4F5F7A64C80}.Release|Any CPU.Build.0 = Release|Any CPU
		{275F27FF-5EE0-4988-A872-5040903F17C2}.Debug|Any CPU.ActiveCfg = Debug|Any CPU
		{275F27FF-5EE0-4988-A872-5040903F17C2}.Debug|Any CPU.Build.0 = Debug|Any CPU
		{275F27FF-5EE0-4988-A872-5040903F17C2}.Release|Any CPU.ActiveCfg = Release|Any CPU
		{275F27FF-5EE0-4988-A872-5040903F17C2}.Release|Any CPU.Build.0 = Release|Any CPU
		{422F0EC6-EB25-46A9-B057-7A4AD8F51136}.Debug|Any CPU.ActiveCfg = Debug|Any CPU
		{422F0EC6-EB25-46A9-B057-7A4AD8F51136}.Debug|Any CPU.Build.0 = Debug|Any CPU
		{422F0EC6-EB25-46A9-B057-7A4AD8F51136}.Release|Any CPU.ActiveCfg = Release|Any CPU
		{422F0EC6-EB25-46A9-B057-7A4AD8F51136}.Release|Any CPU.Build.0 = Release|Any CPU
		{641DA871-D81C-4CD8-B04B-2358EEE6D75D}.Debug|Any CPU.ActiveCfg = Debug|Any CPU
		{641DA871-D81C-4CD8-B04B-2358EEE6D75D}.Debug|Any CPU.Build.0 = Debug|Any CPU
		{641DA871-D81C-4CD8-B04B-2358EEE6D75D}.Release|Any CPU.ActiveCfg = Release|Any CPU
		{641DA871-D81C-4CD8-B04B-2358EEE6D75D}.Release|Any CPU.Build.0 = Release|Any CPU
		{330BB7E7-6DFB-452D-9AF3-5E0CB91F0E99}.Debug|Any CPU.ActiveCfg = Debug|Any CPU
		{330BB7E7-6DFB-452D-9AF3-5E0CB91F0E99}.Debug|Any CPU.Build.0 = Debug|Any CPU
		{330BB7E7-6DFB-452D-9AF3-5E0CB91F0E99}.Release|Any CPU.ActiveCfg = Release|Any CPU
		{330BB7E7-6DFB-452D-9AF3-5E0CB91F0E99}.Release|Any CPU.Build.0 = Release|Any CPU
		{ABB5396E-8E3F-4798-BC73-A51520C6417B}.Debug|Any CPU.ActiveCfg = Debug|Any CPU
		{ABB5396E-8E3F-4798-BC73-A51520C6417B}.Debug|Any CPU.Build.0 = Debug|Any CPU
		{ABB5396E-8E3F-4798-BC73-A51520C6417B}.Release|Any CPU.ActiveCfg = Release|Any CPU
		{ABB5396E-8E3F-4798-BC73-A51520C6417B}.Release|Any CPU.Build.0 = Release|Any CPU
		{A0CC6950-AA4C-4BF0-A5F2-2A549B577348}.Debug|Any CPU.ActiveCfg = Debug|Any CPU
		{A0CC6950-AA4C-4BF0-A5F2-2A549B577348}.Debug|Any CPU.Build.0 = Debug|Any CPU
		{A0CC6950-AA4C-4BF0-A5F2-2A549B577348}.Release|Any CPU.ActiveCfg = Release|Any CPU
		{A0CC6950-AA4C-4BF0-A5F2-2A549B577348}.Release|Any CPU.Build.0 = Release|Any CPU
		{EDF445BB-8AAB-4112-9883-4524565BD15C}.Debug|Any CPU.ActiveCfg = Debug|Any CPU
		{EDF445BB-8AAB-4112-9883-4524565BD15C}.Debug|Any CPU.Build.0 = Debug|Any CPU
		{EDF445BB-8AAB-4112-9883-4524565BD15C}.Release|Any CPU.ActiveCfg = Release|Any CPU
		{EDF445BB-8AAB-4112-9883-4524565BD15C}.Release|Any CPU.Build.0 = Release|Any CPU
		{8EC03A50-215F-43F5-8117-2CF517018C14}.Debug|Any CPU.ActiveCfg = Debug|Any CPU
		{8EC03A50-215F-43F5-8117-2CF517018C14}.Debug|Any CPU.Build.0 = Debug|Any CPU
		{8EC03A50-215F-43F5-8117-2CF517018C14}.Release|Any CPU.ActiveCfg = Release|Any CPU
		{8EC03A50-215F-43F5-8117-2CF517018C14}.Release|Any CPU.Build.0 = Release|Any CPU
		{CFA3FEF5-6E95-440E-AE88-B22E0C2209DB}.Debug|Any CPU.ActiveCfg = Debug|Any CPU
		{CFA3FEF5-6E95-440E-AE88-B22E0C2209DB}.Debug|Any CPU.Build.0 = Debug|Any CPU
		{CFA3FEF5-6E95-440E-AE88-B22E0C2209DB}.Release|Any CPU.ActiveCfg = Release|Any CPU
		{CFA3FEF5-6E95-440E-AE88-B22E0C2209DB}.Release|Any CPU.Build.0 = Release|Any CPU
		{BC8AD826-6A32-4F73-A5F1-188E31247AEA}.Debug|Any CPU.ActiveCfg = Debug|Any CPU
		{BC8AD826-6A32-4F73-A5F1-188E31247AEA}.Debug|Any CPU.Build.0 = Debug|Any CPU
		{BC8AD826-6A32-4F73-A5F1-188E31247AEA}.Release|Any CPU.ActiveCfg = Release|Any CPU
		{BC8AD826-6A32-4F73-A5F1-188E31247AEA}.Release|Any CPU.Build.0 = Release|Any CPU
		{B75CA6FF-F813-4CEF-B694-D1EDD0E86A69}.Debug|Any CPU.ActiveCfg = Debug|Any CPU
		{B75CA6FF-F813-4CEF-B694-D1EDD0E86A69}.Debug|Any CPU.Build.0 = Debug|Any CPU
		{B75CA6FF-F813-4CEF-B694-D1EDD0E86A69}.Release|Any CPU.ActiveCfg = Release|Any CPU
		{B75CA6FF-F813-4CEF-B694-D1EDD0E86A69}.Release|Any CPU.Build.0 = Release|Any CPU
		{BF119F9D-94F2-461E-BDE2-3B72BC1332AE}.Debug|Any CPU.ActiveCfg = Debug|Any CPU
		{BF119F9D-94F2-461E-BDE2-3B72BC1332AE}.Debug|Any CPU.Build.0 = Debug|Any CPU
		{BF119F9D-94F2-461E-BDE2-3B72BC1332AE}.Release|Any CPU.ActiveCfg = Release|Any CPU
		{BF119F9D-94F2-461E-BDE2-3B72BC1332AE}.Release|Any CPU.Build.0 = Release|Any CPU
		{C0047229-D1B4-450C-830C-3E052A95EB6B}.Debug|Any CPU.ActiveCfg = Debug|Any CPU
		{C0047229-D1B4-450C-830C-3E052A95EB6B}.Debug|Any CPU.Build.0 = Debug|Any CPU
		{C0047229-D1B4-450C-830C-3E052A95EB6B}.Release|Any CPU.ActiveCfg = Release|Any CPU
		{C0047229-D1B4-450C-830C-3E052A95EB6B}.Release|Any CPU.Build.0 = Release|Any CPU
	EndGlobalSection
	GlobalSection(SolutionProperties) = preSolution
		HideSolutionNode = FALSE
	EndGlobalSection
	GlobalSection(NestedProjects) = preSolution
		{D40E1792-1E94-40C7-B3D5-37D909A7305A} = {34C82374-81B3-42F4-9689-5175ACA38C30}
		{9B732F13-73E7-4861-8E9E-6B50282DD6E1} = {3FC4C8BC-D0B8-44CA-831A-94F12ABE5E56}
		{DE3F875D-89B8-45C1-8D35-E9D8C4369554} = {3FC4C8BC-D0B8-44CA-831A-94F12ABE5E56}
		{BA9EC7B9-F271-4824-9EC7-2E56CA0FDA99} = {3FC4C8BC-D0B8-44CA-831A-94F12ABE5E56}
		{0B8EC10E-D266-418D-BC17-2C21BFC8BB94} = {3FC4C8BC-D0B8-44CA-831A-94F12ABE5E56}
		{06F57E6F-04EB-4BD2-A204-F55D9FCC3C92} = {3FC4C8BC-D0B8-44CA-831A-94F12ABE5E56}
		{C95609DC-0EAB-452A-BC43-B4F5F7A64C80} = {06F57E6F-04EB-4BD2-A204-F55D9FCC3C92}
		{275F27FF-5EE0-4988-A872-5040903F17C2} = {06F57E6F-04EB-4BD2-A204-F55D9FCC3C92}
		{422F0EC6-EB25-46A9-B057-7A4AD8F51136} = {06F57E6F-04EB-4BD2-A204-F55D9FCC3C92}
		{641DA871-D81C-4CD8-B04B-2358EEE6D75D} = {06F57E6F-04EB-4BD2-A204-F55D9FCC3C92}
		{330BB7E7-6DFB-452D-9AF3-5E0CB91F0E99} = {9B732F13-73E7-4861-8E9E-6B50282DD6E1}
		{ABB5396E-8E3F-4798-BC73-A51520C6417B} = {9B732F13-73E7-4861-8E9E-6B50282DD6E1}
		{A0CC6950-AA4C-4BF0-A5F2-2A549B577348} = {BA9EC7B9-F271-4824-9EC7-2E56CA0FDA99}
		{EDF445BB-8AAB-4112-9883-4524565BD15C} = {0B8EC10E-D266-418D-BC17-2C21BFC8BB94}
		{8EC03A50-215F-43F5-8117-2CF517018C14} = {0B8EC10E-D266-418D-BC17-2C21BFC8BB94}
		{CFA3FEF5-6E95-440E-AE88-B22E0C2209DB} = {DE3F875D-89B8-45C1-8D35-E9D8C4369554}
		{BC8AD826-6A32-4F73-A5F1-188E31247AEA} = {BA9EC7B9-F271-4824-9EC7-2E56CA0FDA99}
		{B75CA6FF-F813-4CEF-B694-D1EDD0E86A69} = {BA9EC7B9-F271-4824-9EC7-2E56CA0FDA99}
		{BF119F9D-94F2-461E-BDE2-3B72BC1332AE} = {DE3F875D-89B8-45C1-8D35-E9D8C4369554}
		{C0047229-D1B4-450C-830C-3E052A95EB6B} = {DE3F875D-89B8-45C1-8D35-E9D8C4369554}
	EndGlobalSection
	GlobalSection(ExtensibilityGlobals) = postSolution
		SolutionGuid = {D6871123-5C38-4E00-9A3D-59E196E1EFA1}
	EndGlobalSection
EndGlobal
